{
  "schema_version": "franken-engine.repro-lock.v1",
  "generated_at_utc": "2026-02-24T22:21:16Z",
  "lock_id": "parser-oracle-20260224T221850Z",
  "source_commit": "0ed111052b441a2228fad99901b6c0fac58f5186",
  "partition": "smoke",
  "gate_mode": "report_only",
  "seed": 1,
  "commands_log": "artifacts/parser_oracle/20260224T221850Z/commands.txt",
  "inputs": [
    { "path": "crates/franken-engine/tests/fixtures/parser_phase0_semantic_fixtures.json" }
  ],
  "outputs": [
    { "path": "artifacts/parser_oracle/20260224T221850Z/baseline.json", "sha256": "sha256:ca3d163bab055381827226140568f3bef7eaac187cebd76878e0b63e9e442356" },
    { "path": "artifacts/parser_oracle/20260224T221850Z/relation_report.json", "sha256": "sha256:97b3d7fffaac0905b189616c46f0bcc4d0647fa40d57d56b299fc342afebbfd9" },
    { "path": "artifacts/parser_oracle/20260224T221850Z/relation_events.jsonl", "sha256": "sha256:e3b0c44298fc1c149afbf4c8996fb92427ae41e4649b934ca495991b7852b855" },
    { "path": "artifacts/parser_oracle/20260224T221850Z/metamorphic_evidence.jsonl", "sha256": "sha256:e3b0c44298fc1c149afbf4c8996fb92427ae41e4649b934ca495991b7852b855" }
  ]
}
